// !$*UTF8*$!
{
	archiveVersion = 1;
	classes = {
	};
	objectVersion = 46;
	objects = {

/* Begin PBXBuildFile section */
		043EB0F11C421BB7007959D8 /* book in Resources */ = {isa = PBXBuildFile; fileRef = 043EB0F01C421BB7007959D8 /* book */; };
		043EB0F31C422385007959D8 /* Tag.swift in Sources */ = {isa = PBXBuildFile; fileRef = 043EB0F21C422385007959D8 /* Tag.swift */; };
		043EB0F51C4266AE007959D8 /* casts in Resources */ = {isa = PBXBuildFile; fileRef = 043EB0F41C4266AE007959D8 /* casts */; };
		043EB0F71C4266D0007959D8 /* Cast.swift in Sources */ = {isa = PBXBuildFile; fileRef = 043EB0F61C4266D0007959D8 /* Cast.swift */; };
		043EB0FF1C43E347007959D8 /* Item.swift in Sources */ = {isa = PBXBuildFile; fileRef = 043EB0FE1C43E347007959D8 /* Item.swift */; };
		043EB1011C43E350007959D8 /* User.swift in Sources */ = {isa = PBXBuildFile; fileRef = 043EB1001C43E350007959D8 /* User.swift */; };
		045D6F411C42127400D5B3F7 /* TTReflectTests.swift in Sources */ = {isa = PBXBuildFile; fileRef = 045D6F401C42127400D5B3F7 /* TTReflectTests.swift */; };
		045D6F4C1C42127400D5B3F7 /* TTReflectUITests.swift in Sources */ = {isa = PBXBuildFile; fileRef = 045D6F4B1C42127400D5B3F7 /* TTReflectUITests.swift */; };
		045D6F631C42135900D5B3F7 /* AppDelegate.swift in Sources */ = {isa = PBXBuildFile; fileRef = 045D6F5A1C42135900D5B3F7 /* AppDelegate.swift */; };
		045D6F641C42135900D5B3F7 /* Assets.xcassets in Resources */ = {isa = PBXBuildFile; fileRef = 045D6F5B1C42135900D5B3F7 /* Assets.xcassets */; };
		045D6F651C42135900D5B3F7 /* LaunchScreen.storyboard in Resources */ = {isa = PBXBuildFile; fileRef = 045D6F5C1C42135900D5B3F7 /* LaunchScreen.storyboard */; };
		045D6F661C42135900D5B3F7 /* Main.storyboard in Resources */ = {isa = PBXBuildFile; fileRef = 045D6F5E1C42135900D5B3F7 /* Main.storyboard */; };
		045D6F671C42135900D5B3F7 /* Info.plist in Resources */ = {isa = PBXBuildFile; fileRef = 045D6F601C42135900D5B3F7 /* Info.plist */; };
		045D6F681C42135900D5B3F7 /* ViewController.swift in Sources */ = {isa = PBXBuildFile; fileRef = 045D6F611C42135900D5B3F7 /* ViewController.swift */; };
		045D6F6A1C42138C00D5B3F7 /* Reflect.swift in Sources */ = {isa = PBXBuildFile; fileRef = 045D6F691C42138C00D5B3F7 /* Reflect.swift */; };
		045D6F701C42150C00D5B3F7 /* Book.swift in Sources */ = {isa = PBXBuildFile; fileRef = 045D6F6F1C42150C00D5B3F7 /* Book.swift */; };
		19C1550AEBC6DBCD7DDF8A4A /* Pods.framework in Frameworks */ = {isa = PBXBuildFile; fileRef = EE59346DC87EBF34AA9DF3FC /* Pods.framework */; };
		5C089F821C43764A00341D52 /* Images.swift in Sources */ = {isa = PBXBuildFile; fileRef = 5C089F811C43764A00341D52 /* Images.swift */; };
		5CD3B0771C43BA410050CDDF /* Movie.swift in Sources */ = {isa = PBXBuildFile; fileRef = 5CD3B0761C43BA410050CDDF /* Movie.swift */; };
/* End PBXBuildFile section */

/* Begin PBXContainerItemProxy section */
		045D6F3D1C42127400D5B3F7 /* PBXContainerItemProxy */ = {
			isa = PBXContainerItemProxy;
			containerPortal = 045D6F201C42127400D5B3F7 /* Project object */;
			proxyType = 1;
			remoteGlobalIDString = 045D6F271C42127400D5B3F7;
			remoteInfo = TTReflect;
		};
		045D6F481C42127400D5B3F7 /* PBXContainerItemProxy */ = {
			isa = PBXContainerItemProxy;
			containerPortal = 045D6F201C42127400D5B3F7 /* Project object */;
			proxyType = 1;
			remoteGlobalIDString = 045D6F271C42127400D5B3F7;
			remoteInfo = TTReflect;
		};
/* End PBXContainerItemProxy section */

/* Begin PBXFileReference section */
		043EB0F01C421BB7007959D8 /* book */ = {isa = PBXFileReference; fileEncoding = 4; lastKnownFileType = text; path = book; sourceTree = "<group>"; };
		043EB0F21C422385007959D8 /* Tag.swift */ = {isa = PBXFileReference; fileEncoding = 4; lastKnownFileType = sourcecode.swift; path = Tag.swift; sourceTree = "<group>"; };
		043EB0F41C4266AE007959D8 /* casts */ = {isa = PBXFileReference; fileEncoding = 4; lastKnownFileType = text; path = casts; sourceTree = "<group>"; };
		043EB0F61C4266D0007959D8 /* Cast.swift */ = {isa = PBXFileReference; fileEncoding = 4; lastKnownFileType = sourcecode.swift; path = Cast.swift; sourceTree = "<group>"; };
		043EB0FE1C43E347007959D8 /* Item.swift */ = {isa = PBXFileReference; fileEncoding = 4; lastKnownFileType = sourcecode.swift; path = Item.swift; sourceTree = "<group>"; };
		043EB1001C43E350007959D8 /* User.swift */ = {isa = PBXFileReference; fileEncoding = 4; lastKnownFileType = sourcecode.swift; path = User.swift; sourceTree = "<group>"; };
		045D6F281C42127400D5B3F7 /* TTReflect.app */ = {isa = PBXFileReference; explicitFileType = wrapper.application; includeInIndex = 0; path = TTReflect.app; sourceTree = BUILT_PRODUCTS_DIR; };
		045D6F3C1C42127400D5B3F7 /* TTReflectTests.xctest */ = {isa = PBXFileReference; explicitFileType = wrapper.cfbundle; includeInIndex = 0; path = TTReflectTests.xctest; sourceTree = BUILT_PRODUCTS_DIR; };
		045D6F401C42127400D5B3F7 /* TTReflectTests.swift */ = {isa = PBXFileReference; lastKnownFileType = sourcecode.swift; path = TTReflectTests.swift; sourceTree = "<group>"; };
		045D6F421C42127400D5B3F7 /* Info.plist */ = {isa = PBXFileReference; lastKnownFileType = text.plist.xml; path = Info.plist; sourceTree = "<group>"; };
		045D6F471C42127400D5B3F7 /* TTReflectUITests.xctest */ = {isa = PBXFileReference; explicitFileType = wrapper.cfbundle; includeInIndex = 0; path = TTReflectUITests.xctest; sourceTree = BUILT_PRODUCTS_DIR; };
		045D6F4B1C42127400D5B3F7 /* TTReflectUITests.swift */ = {isa = PBXFileReference; lastKnownFileType = sourcecode.swift; path = TTReflectUITests.swift; sourceTree = "<group>"; };
		045D6F4D1C42127400D5B3F7 /* Info.plist */ = {isa = PBXFileReference; lastKnownFileType = text.plist.xml; path = Info.plist; sourceTree = "<group>"; };
		045D6F5A1C42135900D5B3F7 /* AppDelegate.swift */ = {isa = PBXFileReference; fileEncoding = 4; lastKnownFileType = sourcecode.swift; path = AppDelegate.swift; sourceTree = "<group>"; };
		045D6F5B1C42135900D5B3F7 /* Assets.xcassets */ = {isa = PBXFileReference; lastKnownFileType = folder.assetcatalog; path = Assets.xcassets; sourceTree = "<group>"; };
		045D6F5D1C42135900D5B3F7 /* Base */ = {isa = PBXFileReference; lastKnownFileType = file.storyboard; name = Base; path = Base.lproj/LaunchScreen.storyboard; sourceTree = "<group>"; };
		045D6F5F1C42135900D5B3F7 /* Base */ = {isa = PBXFileReference; lastKnownFileType = file.storyboard; name = Base; path = Base.lproj/Main.storyboard; sourceTree = "<group>"; };
		045D6F601C42135900D5B3F7 /* Info.plist */ = {isa = PBXFileReference; fileEncoding = 4; lastKnownFileType = text.plist.xml; path = Info.plist; sourceTree = "<group>"; };
		045D6F611C42135900D5B3F7 /* ViewController.swift */ = {isa = PBXFileReference; fileEncoding = 4; lastKnownFileType = sourcecode.swift; path = ViewController.swift; sourceTree = "<group>"; };
		045D6F691C42138C00D5B3F7 /* Reflect.swift */ = {isa = PBXFileReference; fileEncoding = 4; lastKnownFileType = sourcecode.swift; path = Reflect.swift; sourceTree = "<group>"; };
		045D6F6F1C42150C00D5B3F7 /* Book.swift */ = {isa = PBXFileReference; fileEncoding = 4; lastKnownFileType = sourcecode.swift; path = Book.swift; sourceTree = "<group>"; };
		3B0A5A9F4AD77F8A5B75B40F /* Pods.debug.xcconfig */ = {isa = PBXFileReference; includeInIndex = 1; lastKnownFileType = text.xcconfig; name = Pods.debug.xcconfig; path = "Pods/Target Support Files/Pods/Pods.debug.xcconfig"; sourceTree = "<group>"; };
		5C089F811C43764A00341D52 /* Images.swift */ = {isa = PBXFileReference; fileEncoding = 4; lastKnownFileType = sourcecode.swift; path = Images.swift; sourceTree = "<group>"; };
		5CD3B0761C43BA410050CDDF /* Movie.swift */ = {isa = PBXFileReference; fileEncoding = 4; lastKnownFileType = sourcecode.swift; path = Movie.swift; sourceTree = "<group>"; };
		CBCE05229E5003B64AAF4099 /* Pods.release.xcconfig */ = {isa = PBXFileReference; includeInIndex = 1; lastKnownFileType = text.xcconfig; name = Pods.release.xcconfig; path = "Pods/Target Support Files/Pods/Pods.release.xcconfig"; sourceTree = "<group>"; };
		EE59346DC87EBF34AA9DF3FC /* Pods.framework */ = {isa = PBXFileReference; explicitFileType = wrapper.framework; includeInIndex = 0; path = Pods.framework; sourceTree = BUILT_PRODUCTS_DIR; };
/* End PBXFileReference section */

/* Begin PBXFrameworksBuildPhase section */
		045D6F251C42127400D5B3F7 /* Frameworks */ = {
			isa = PBXFrameworksBuildPhase;
			buildActionMask = 2147483647;
			files = (
				19C1550AEBC6DBCD7DDF8A4A /* Pods.framework in Frameworks */,
			);
			runOnlyForDeploymentPostprocessing = 0;
		};
		045D6F391C42127400D5B3F7 /* Frameworks */ = {
			isa = PBXFrameworksBuildPhase;
			buildActionMask = 2147483647;
			files = (
			);
			runOnlyForDeploymentPostprocessing = 0;
		};
		045D6F441C42127400D5B3F7 /* Frameworks */ = {
			isa = PBXFrameworksBuildPhase;
			buildActionMask = 2147483647;
			files = (
			);
			runOnlyForDeploymentPostprocessing = 0;
		};
/* End PBXFrameworksBuildPhase section */

/* Begin PBXGroup section */
		045D6F1F1C42127400D5B3F7 = {
			isa = PBXGroup;
			children = (
				045D6F591C42135900D5B3F7 /* Example */,
				045D6F621C42135900D5B3F7 /* TTReflect */,
				045D6F3F1C42127400D5B3F7 /* TTReflectTests */,
				045D6F4A1C42127400D5B3F7 /* TTReflectUITests */,
				045D6F291C42127400D5B3F7 /* Products */,
				E2AE9654A9AA1141937E9EEF /* Pods */,
				7E7AABBFBE2793C01C91A767 /* Frameworks */,
			);
			sourceTree = "<group>";
		};
		045D6F291C42127400D5B3F7 /* Products */ = {
			isa = PBXGroup;
			children = (
				045D6F281C42127400D5B3F7 /* TTReflect.app */,
				045D6F3C1C42127400D5B3F7 /* TTReflectTests.xctest */,
				045D6F471C42127400D5B3F7 /* TTReflectUITests.xctest */,
			);
			name = Products;
			sourceTree = "<group>";
		};
		045D6F3F1C42127400D5B3F7 /* TTReflectTests */ = {
			isa = PBXGroup;
			children = (
				045D6F401C42127400D5B3F7 /* TTReflectTests.swift */,
				045D6F421C42127400D5B3F7 /* Info.plist */,
			);
			path = TTReflectTests;
			sourceTree = "<group>";
		};
		045D6F4A1C42127400D5B3F7 /* TTReflectUITests */ = {
			isa = PBXGroup;
			children = (
				045D6F4B1C42127400D5B3F7 /* TTReflectUITests.swift */,
				045D6F4D1C42127400D5B3F7 /* Info.plist */,
			);
			path = TTReflectUITests;
			sourceTree = "<group>";
		};
		045D6F591C42135900D5B3F7 /* Example */ = {
			isa = PBXGroup;
			children = (
				045D6F6E1C42140D00D5B3F7 /* Res */,
				045D6F6D1C42140000D5B3F7 /* Model */,
				045D6F5A1C42135900D5B3F7 /* AppDelegate.swift */,
				045D6F5B1C42135900D5B3F7 /* Assets.xcassets */,
				045D6F5C1C42135900D5B3F7 /* LaunchScreen.storyboard */,
				045D6F5E1C42135900D5B3F7 /* Main.storyboard */,
				045D6F601C42135900D5B3F7 /* Info.plist */,
				045D6F611C42135900D5B3F7 /* ViewController.swift */,
			);
			path = Example;
			sourceTree = "<group>";
		};
		045D6F621C42135900D5B3F7 /* TTReflect */ = {
			isa = PBXGroup;
			children = (
				045D6F691C42138C00D5B3F7 /* Reflect.swift */,
			);
			path = TTReflect;
			sourceTree = "<group>";
		};
		045D6F6D1C42140000D5B3F7 /* Model */ = {
			isa = PBXGroup;
			children = (
				045D6F6F1C42150C00D5B3F7 /* Book.swift */,
				043EB0F21C422385007959D8 /* Tag.swift */,
				043EB0F61C4266D0007959D8 /* Cast.swift */,
				5C089F811C43764A00341D52 /* Images.swift */,
				5CD3B0761C43BA410050CDDF /* Movie.swift */,
				043EB0FE1C43E347007959D8 /* Item.swift */,
				043EB1001C43E350007959D8 /* User.swift */,
			);
			name = Model;
			sourceTree = "<group>";
		};
		045D6F6E1C42140D00D5B3F7 /* Res */ = {
			isa = PBXGroup;
			children = (
				043EB0F01C421BB7007959D8 /* book */,
				043EB0F41C4266AE007959D8 /* casts */,
			);
			name = Res;
			sourceTree = "<group>";
		};
		7E7AABBFBE2793C01C91A767 /* Frameworks */ = {
			isa = PBXGroup;
			children = (
				EE59346DC87EBF34AA9DF3FC /* Pods.framework */,
			);
			name = Frameworks;
			sourceTree = "<group>";
		};
		E2AE9654A9AA1141937E9EEF /* Pods */ = {
			isa = PBXGroup;
			children = (
				3B0A5A9F4AD77F8A5B75B40F /* Pods.debug.xcconfig */,
				CBCE05229E5003B64AAF4099 /* Pods.release.xcconfig */,
			);
			name = Pods;
			sourceTree = "<group>";
		};
/* End PBXGroup section */

/* Begin PBXNativeTarget section */
		045D6F271C42127400D5B3F7 /* TTReflect */ = {
			isa = PBXNativeTarget;
			buildConfigurationList = 045D6F501C42127400D5B3F7 /* Build configuration list for PBXNativeTarget "TTReflect" */;
			buildPhases = (
				600D74A2D44BBEA55B5EB026 /* Check Pods Manifest.lock */,
				045D6F241C42127400D5B3F7 /* Sources */,
				045D6F251C42127400D5B3F7 /* Frameworks */,
				045D6F261C42127400D5B3F7 /* Resources */,
				3CCEE605393D31391E1B4A38 /* Embed Pods Frameworks */,
				E8254B01288899744522EBC0 /* Copy Pods Resources */,
			);
			buildRules = (
			);
			dependencies = (
			);
			name = TTReflect;
			productName = TTReflect;
			productReference = 045D6F281C42127400D5B3F7 /* TTReflect.app */;
			productType = "com.apple.product-type.application";
		};
		045D6F3B1C42127400D5B3F7 /* TTReflectTests */ = {
			isa = PBXNativeTarget;
			buildConfigurationList = 045D6F531C42127400D5B3F7 /* Build configuration list for PBXNativeTarget "TTReflectTests" */;
			buildPhases = (
				045D6F381C42127400D5B3F7 /* Sources */,
				045D6F391C42127400D5B3F7 /* Frameworks */,
				045D6F3A1C42127400D5B3F7 /* Resources */,
			);
			buildRules = (
			);
			dependencies = (
				045D6F3E1C42127400D5B3F7 /* PBXTargetDependency */,
			);
			name = TTReflectTests;
			productName = TTReflectTests;
			productReference = 045D6F3C1C42127400D5B3F7 /* TTReflectTests.xctest */;
			productType = "com.apple.product-type.bundle.unit-test";
		};
		045D6F461C42127400D5B3F7 /* TTReflectUITests */ = {
			isa = PBXNativeTarget;
			buildConfigurationList = 045D6F561C42127400D5B3F7 /* Build configuration list for PBXNativeTarget "TTReflectUITests" */;
			buildPhases = (
				045D6F431C42127400D5B3F7 /* Sources */,
				045D6F441C42127400D5B3F7 /* Frameworks */,
				045D6F451C42127400D5B3F7 /* Resources */,
			);
			buildRules = (
			);
			dependencies = (
				045D6F491C42127400D5B3F7 /* PBXTargetDependency */,
			);
			name = TTReflectUITests;
			productName = TTReflectUITests;
			productReference = 045D6F471C42127400D5B3F7 /* TTReflectUITests.xctest */;
			productType = "com.apple.product-type.bundle.ui-testing";
		};
/* End PBXNativeTarget section */

/* Begin PBXProject section */
		045D6F201C42127400D5B3F7 /* Project object */ = {
			isa = PBXProject;
			attributes = {
				LastSwiftUpdateCheck = 0720;
				LastUpgradeCheck = 0720;
				ORGANIZATIONNAME = tifatsubasa;
				TargetAttributes = {
					045D6F271C42127400D5B3F7 = {
						CreatedOnToolsVersion = 7.2;
					};
					045D6F3B1C42127400D5B3F7 = {
						CreatedOnToolsVersion = 7.2;
						TestTargetID = 045D6F271C42127400D5B3F7;
					};
					045D6F461C42127400D5B3F7 = {
						CreatedOnToolsVersion = 7.2;
						TestTargetID = 045D6F271C42127400D5B3F7;
					};
				};
			};
			buildConfigurationList = 045D6F231C42127400D5B3F7 /* Build configuration list for PBXProject "TTReflect" */;
			compatibilityVersion = "Xcode 3.2";
			developmentRegion = English;
			hasScannedForEncodings = 0;
			knownRegions = (
				en,
				Base,
			);
			mainGroup = 045D6F1F1C42127400D5B3F7;
			productRefGroup = 045D6F291C42127400D5B3F7 /* Products */;
			projectDirPath = "";
			projectRoot = "";
			targets = (
				045D6F271C42127400D5B3F7 /* TTReflect */,
				045D6F3B1C42127400D5B3F7 /* TTReflectTests */,
				045D6F461C42127400D5B3F7 /* TTReflectUITests */,
			);
		};
/* End PBXProject section */

/* Begin PBXResourcesBuildPhase section */
		045D6F261C42127400D5B3F7 /* Resources */ = {
			isa = PBXResourcesBuildPhase;
			buildActionMask = 2147483647;
			files = (
				045D6F671C42135900D5B3F7 /* Info.plist in Resources */,
				045D6F661C42135900D5B3F7 /* Main.storyboard in Resources */,
				045D6F641C42135900D5B3F7 /* Assets.xcassets in Resources */,
				043EB0F51C4266AE007959D8 /* casts in Resources */,
				045D6F651C42135900D5B3F7 /* LaunchScreen.storyboard in Resources */,
				043EB0F11C421BB7007959D8 /* book in Resources */,
			);
			runOnlyForDeploymentPostprocessing = 0;
		};
		045D6F3A1C42127400D5B3F7 /* Resources */ = {
			isa = PBXResourcesBuildPhase;
			buildActionMask = 2147483647;
			files = (
			);
			runOnlyForDeploymentPostprocessing = 0;
		};
		045D6F451C42127400D5B3F7 /* Resources */ = {
			isa = PBXResourcesBuildPhase;
			buildActionMask = 2147483647;
			files = (
			);
			runOnlyForDeploymentPostprocessing = 0;
		};
/* End PBXResourcesBuildPhase section */

/* Begin PBXShellScriptBuildPhase section */
		3CCEE605393D31391E1B4A38 /* Embed Pods Frameworks */ = {
			isa = PBXShellScriptBuildPhase;
			buildActionMask = 2147483647;
			files = (
			);
			inputPaths = (
			);
			name = "Embed Pods Frameworks";
			outputPaths = (
			);
			runOnlyForDeploymentPostprocessing = 0;
			shellPath = /bin/sh;
			shellScript = "\"${SRCROOT}/Pods/Target Support Files/Pods/Pods-frameworks.sh\"\n";
			showEnvVarsInLog = 0;
		};
		600D74A2D44BBEA55B5EB026 /* Check Pods Manifest.lock */ = {
			isa = PBXShellScriptBuildPhase;
			buildActionMask = 2147483647;
			files = (
			);
			inputPaths = (
			);
			name = "Check Pods Manifest.lock";
			outputPaths = (
			);
			runOnlyForDeploymentPostprocessing = 0;
			shellPath = /bin/sh;
			shellScript = "diff \"${PODS_ROOT}/../Podfile.lock\" \"${PODS_ROOT}/Manifest.lock\" > /dev/null\nif [[ $? != 0 ]] ; then\n    cat << EOM\nerror: The sandbox is not in sync with the Podfile.lock. Run 'pod install' or update your CocoaPods installation.\nEOM\n    exit 1\nfi\n";
			showEnvVarsInLog = 0;
		};
		E8254B01288899744522EBC0 /* Copy Pods Resources */ = {
			isa = PBXShellScriptBuildPhase;
			buildActionMask = 2147483647;
			files = (
			);
			inputPaths = (
			);
			name = "Copy Pods Resources";
			outputPaths = (
			);
			runOnlyForDeploymentPostprocessing = 0;
			shellPath = /bin/sh;
			shellScript = "\"${SRCROOT}/Pods/Target Support Files/Pods/Pods-resources.sh\"\n";
			showEnvVarsInLog = 0;
		};
/* End PBXShellScriptBuildPhase section */

/* Begin PBXSourcesBuildPhase section */
		045D6F241C42127400D5B3F7 /* Sources */ = {
			isa = PBXSourcesBuildPhase;
			buildActionMask = 2147483647;
			files = (
				5C089F821C43764A00341D52 /* Images.swift in Sources */,
				043EB0FF1C43E347007959D8 /* Item.swift in Sources */,
				045D6F6A1C42138C00D5B3F7 /* Reflect.swift in Sources */,
				045D6F681C42135900D5B3F7 /* ViewController.swift in Sources */,
				043EB0F31C422385007959D8 /* Tag.swift in Sources */,
				045D6F701C42150C00D5B3F7 /* Book.swift in Sources */,
				043EB0F71C4266D0007959D8 /* Cast.swift in Sources */,
				5CD3B0771C43BA410050CDDF /* Movie.swift in Sources */,
				043EB1011C43E350007959D8 /* User.swift in Sources */,
				045D6F631C42135900D5B3F7 /* AppDelegate.swift in Sources */,
			);
			runOnlyForDeploymentPostprocessing = 0;
		};
		045D6F381C42127400D5B3F7 /* Sources */ = {
			isa = PBXSourcesBuildPhase;
			buildActionMask = 2147483647;
			files = (
				045D6F411C42127400D5B3F7 /* TTReflectTests.swift in Sources */,
			);
			runOnlyForDeploymentPostprocessing = 0;
		};
		045D6F431C42127400D5B3F7 /* Sources */ = {
			isa = PBXSourcesBuildPhase;
			buildActionMask = 2147483647;
			files = (
				045D6F4C1C42127400D5B3F7 /* TTReflectUITests.swift in Sources */,
			);
			runOnlyForDeploymentPostprocessing = 0;
		};
/* End PBXSourcesBuildPhase section */

/* Begin PBXTargetDependency section */
		045D6F3E1C42127400D5B3F7 /* PBXTargetDependency */ = {
			isa = PBXTargetDependency;
			target = 045D6F271C42127400D5B3F7 /* TTReflect */;
			targetProxy = 045D6F3D1C42127400D5B3F7 /* PBXContainerItemProxy */;
		};
		045D6F491C42127400D5B3F7 /* PBXTargetDependency */ = {
			isa = PBXTargetDependency;
			target = 045D6F271C42127400D5B3F7 /* TTReflect */;
			targetProxy = 045D6F481C42127400D5B3F7 /* PBXContainerItemProxy */;
		};
/* End PBXTargetDependency section */

/* Begin PBXVariantGroup section */
		045D6F5C1C42135900D5B3F7 /* LaunchScreen.storyboard */ = {
			isa = PBXVariantGroup;
			children = (
				045D6F5D1C42135900D5B3F7 /* Base */,
			);
			name = LaunchScreen.storyboard;
			sourceTree = "<group>";
		};
		045D6F5E1C42135900D5B3F7 /* Main.storyboard */ = {
			isa = PBXVariantGroup;
			children = (
				045D6F5F1C42135900D5B3F7 /* Base */,
			);
			name = Main.storyboard;
			sourceTree = "<group>";
		};
/* End PBXVariantGroup section */

/* Begin XCBuildConfiguration section */
		045D6F4E1C42127400D5B3F7 /* Debug */ = {
			isa = XCBuildConfiguration;
			buildSettings = {
				ALWAYS_SEARCH_USER_PATHS = NO;
				CLANG_CXX_LANGUAGE_STANDARD = "gnu++0x";
				CLANG_CXX_LIBRARY = "libc++";
				CLANG_ENABLE_MODULES = YES;
				CLANG_ENABLE_OBJC_ARC = YES;
				CLANG_WARN_BOOL_CONVERSION = YES;
				CLANG_WARN_CONSTANT_CONVERSION = YES;
				CLANG_WARN_DIRECT_OBJC_ISA_USAGE = YES_ERROR;
				CLANG_WARN_EMPTY_BODY = YES;
				CLANG_WARN_ENUM_CONVERSION = YES;
				CLANG_WARN_INT_CONVERSION = YES;
				CLANG_WARN_OBJC_ROOT_CLASS = YES_ERROR;
				CLANG_WARN_UNREACHABLE_CODE = YES;
				CLANG_WARN__DUPLICATE_METHOD_MATCH = YES;
				"CODE_SIGN_IDENTITY[sdk=iphoneos*]" = "iPhone Developer";
				COPY_PHASE_STRIP = NO;
				DEBUG_INFORMATION_FORMAT = dwarf;
				ENABLE_STRICT_OBJC_MSGSEND = YES;
				ENABLE_TESTABILITY = YES;
				GCC_C_LANGUAGE_STANDARD = gnu99;
				GCC_DYNAMIC_NO_PIC = NO;
				GCC_NO_COMMON_BLOCKS = YES;
				GCC_OPTIMIZATION_LEVEL = 0;
				GCC_PREPROCESSOR_DEFINITIONS = (
					"DEBUG=1",
					"$(inherited)",
				);
				GCC_WARN_64_TO_32_BIT_CONVERSION = YES;
				GCC_WARN_ABOUT_RETURN_TYPE = YES_ERROR;
				GCC_WARN_UNDECLARED_SELECTOR = YES;
				GCC_WARN_UNINITIALIZED_AUTOS = YES_AGGRESSIVE;
				GCC_WARN_UNUSED_FUNCTION = YES;
				GCC_WARN_UNUSED_VARIABLE = YES;
				IPHONEOS_DEPLOYMENT_TARGET = 9.2;
				MTL_ENABLE_DEBUG_INFO = YES;
				ONLY_ACTIVE_ARCH = YES;
				SDKROOT = iphoneos;
				SWIFT_OPTIMIZATION_LEVEL = "-Onone";
			};
			name = Debug;
		};
		045D6F4F1C42127400D5B3F7 /* Release */ = {
			isa = XCBuildConfiguration;
			buildSettings = {
				ALWAYS_SEARCH_USER_PATHS = NO;
				CLANG_CXX_LANGUAGE_STANDARD = "gnu++0x";
				CLANG_CXX_LIBRARY = "libc++";
				CLANG_ENABLE_MODULES = YES;
				CLANG_ENABLE_OBJC_ARC = YES;
				CLANG_WARN_BOOL_CONVERSION = YES;
				CLANG_WARN_CONSTANT_CONVERSION = YES;
				CLANG_WARN_DIRECT_OBJC_ISA_USAGE = YES_ERROR;
				CLANG_WARN_EMPTY_BODY = YES;
				CLANG_WARN_ENUM_CONVERSION = YES;
				CLANG_WARN_INT_CONVERSION = YES;
				CLANG_WARN_OBJC_ROOT_CLASS = YES_ERROR;
				CLANG_WARN_UNREACHABLE_CODE = YES;
				CLANG_WARN__DUPLICATE_METHOD_MATCH = YES;
				"CODE_SIGN_IDENTITY[sdk=iphoneos*]" = "iPhone Developer";
				COPY_PHASE_STRIP = NO;
				DEBUG_INFORMATION_FORMAT = "dwarf-with-dsym";
				ENABLE_NS_ASSERTIONS = NO;
				ENABLE_STRICT_OBJC_MSGSEND = YES;
				GCC_C_LANGUAGE_STANDARD = gnu99;
				GCC_NO_COMMON_BLOCKS = YES;
				GCC_WARN_64_TO_32_BIT_CONVERSION = YES;
				GCC_WARN_ABOUT_RETURN_TYPE = YES_ERROR;
				GCC_WARN_UNDECLARED_SELECTOR = YES;
				GCC_WARN_UNINITIALIZED_AUTOS = YES_AGGRESSIVE;
				GCC_WARN_UNUSED_FUNCTION = YES;
				GCC_WARN_UNUSED_VARIABLE = YES;
				IPHONEOS_DEPLOYMENT_TARGET = 9.2;
				MTL_ENABLE_DEBUG_INFO = NO;
				SDKROOT = iphoneos;
				VALIDATE_PRODUCT = YES;
			};
			name = Release;
		};
		045D6F511C42127400D5B3F7 /* Debug */ = {
			isa = XCBuildConfiguration;
			baseConfigurationReference = 3B0A5A9F4AD77F8A5B75B40F /* Pods.debug.xcconfig */;
			buildSettings = {
				INFOPLIST_FILE = "$(SRCROOT)/Example/Info.plist";
				LD_RUNPATH_SEARCH_PATHS = "$(inherited) @executable_path/Frameworks";
				PRODUCT_BUNDLE_IDENTIFIER = com.tsusolo.TTReflect;
				PRODUCT_NAME = "$(TARGET_NAME)";
			};
			name = Debug;
		};
		045D6F521C42127400D5B3F7 /* Release */ = {
			isa = XCBuildConfiguration;
			baseConfigurationReference = CBCE05229E5003B64AAF4099 /* Pods.release.xcconfig */;
			buildSettings = {
				INFOPLIST_FILE = "$(SRCROOT)/Example/Info.plist";
				LD_RUNPATH_SEARCH_PATHS = "$(inherited) @executable_path/Frameworks";
				PRODUCT_BUNDLE_IDENTIFIER = com.tsusolo.TTReflect;
				PRODUCT_NAME = "$(TARGET_NAME)";
			};
			name = Release;
		};
		045D6F541C42127400D5B3F7 /* Debug */ = {
			isa = XCBuildConfiguration;
			buildSettings = {
				BUNDLE_LOADER = "$(TEST_HOST)";
				INFOPLIST_FILE = TTReflectTests/Info.plist;
				LD_RUNPATH_SEARCH_PATHS = "$(inherited) @executable_path/Frameworks @loader_path/Frameworks";
				PRODUCT_BUNDLE_IDENTIFIER = com.tsusolo.TTReflectTests;
				PRODUCT_NAME = "$(TARGET_NAME)";
				TEST_HOST = "$(BUILT_PRODUCTS_DIR)/TTReflect.app/TTReflect";
			};
			name = Debug;
		};
		045D6F551C42127400D5B3F7 /* Release */ = {
			isa = XCBuildConfiguration;
			buildSettings = {
				BUNDLE_LOADER = "$(TEST_HOST)";
				INFOPLIST_FILE = TTReflectTests/Info.plist;
				LD_RUNPATH_SEARCH_PATHS = "$(inherited) @executable_path/Frameworks @loader_path/Frameworks";
				PRODUCT_BUNDLE_IDENTIFIER = com.tsusolo.TTReflectTests;
				PRODUCT_NAME = "$(TARGET_NAME)";
				TEST_HOST = "$(BUILT_PRODUCTS_DIR)/TTReflect.app/TTReflect";
			};
			name = Release;
		};
		045D6F571C42127400D5B3F7 /* Debug */ = {
			isa = XCBuildConfiguration;
			buildSettings = {
				INFOPLIST_FILE = TTReflectUITests/Info.plist;
				LD_RUNPATH_SEARCH_PATHS = "$(inherited) @executable_path/Frameworks @loader_path/Frameworks";
				PRODUCT_BUNDLE_IDENTIFIER = com.tsusolo.TTReflectUITests;
				PRODUCT_NAME = "$(TARGET_NAME)";
				TEST_TARGET_NAME = TTReflect;
				USES_XCTRUNNER = YES;
			};
			name = Debug;
		};
		045D6F581C42127400D5B3F7 /* Release */ = {
			isa = XCBuildConfiguration;
			buildSettings = {
				INFOPLIST_FILE = TTReflectUITests/Info.plist;
				LD_RUNPATH_SEARCH_PATHS = "$(inherited) @executable_path/Frameworks @loader_path/Frameworks";
				PRODUCT_BUNDLE_IDENTIFIER = com.tsusolo.TTReflectUITests;
				PRODUCT_NAME = "$(TARGET_NAME)";
				TEST_TARGET_NAME = TTReflect;
				USES_XCTRUNNER = YES;
			};
			name = Release;
		};
/* End XCBuildConfiguration section */

/* Begin XCConfigurationList section */
		045D6F231C42127400D5B3F7 /* Build configuration list for PBXProject "TTReflect" */ = {
			isa = XCConfigurationList;
			buildConfigurations = (
				045D6F4E1C42127400D5B3F7 /* Debug */,
				045D6F4F1C42127400D5B3F7 /* Release */,
			);
			defaultConfigurationIsVisible = 0;
			defaultConfigurationName = Release;
		};
		045D6F501C42127400D5B3F7 /* Build configuration list for PBXNativeTarget "TTReflect" */ = {
			isa = XCConfigurationList;
			buildConfigurations = (
				045D6F511C42127400D5B3F7 /* Debug */,
				045D6F521C42127400D5B3F7 /* Release */,
			);
			defaultConfigurationIsVisible = 0;
			defaultConfigurationName = Release;
		};
		045D6F531C42127400D5B3F7 /* Build configuration list for PBXNativeTarget "TTReflectTests" */ = {
			isa = XCConfigurationList;
			buildConfigurations = (
				045D6F541C42127400D5B3F7 /* Debug */,
				045D6F551C42127400D5B3F7 /* Release */,
			);
			defaultConfigurationIsVisible = 0;
			defaultConfigurationName = Release;
		};
		045D6F561C42127400D5B3F7 /* Build configuration list for PBXNativeTarget "TTReflectUITests" */ = {
			isa = XCConfigurationList;
			buildConfigurations = (
				045D6F571C42127400D5B3F7 /* Debug */,
				045D6F581C42127400D5B3F7 /* Release */,
			);
			defaultConfigurationIsVisible = 0;
			defaultConfigurationName = Release;
		};
/* End XCConfigurationList section */
	};
	rootObject = 045D6F201C42127400D5B3F7 /* Project object */;
}
