// !$*UTF8*$!
{
	archiveVersion = 1;
	classes = {
	};
	objectVersion = 46;
	objects = {

/* Begin PBXBuildFile section */
		045D6F2C1C42127400D5B3F7 /* AppDelegate.swift in Sources */ = {isa = PBXBuildFile; fileRef = 045D6F2B1C42127400D5B3F7 /* AppDelegate.swift */; };
		045D6F2E1C42127400D5B3F7 /* ViewController.swift in Sources */ = {isa = PBXBuildFile; fileRef = 045D6F2D1C42127400D5B3F7 /* ViewController.swift */; };
		045D6F311C42127400D5B3F7 /* Main.storyboard in Resources */ = {isa = PBXBuildFile; fileRef = 045D6F2F1C42127400D5B3F7 /* Main.storyboard */; };
		045D6F331C42127400D5B3F7 /* Assets.xcassets in Resources */ = {isa = PBXBuildFile; fileRef = 045D6F321C42127400D5B3F7 /* Assets.xcassets */; };
		045D6F361C42127400D5B3F7 /* LaunchScreen.storyboard in Resources */ = {isa = PBXBuildFile; fileRef = 045D6F341C42127400D5B3F7 /* LaunchScreen.storyboard */; };
		045D6F411C42127400D5B3F7 /* TTReflectTests.swift in Sources */ = {isa = PBXBuildFile; fileRef = 045D6F401C42127400D5B3F7 /* TTReflectTests.swift */; };
		045D6F4C1C42127400D5B3F7 /* TTReflectUITests.swift in Sources */ = {isa = PBXBuildFile; fileRef = 045D6F4B1C42127400D5B3F7 /* TTReflectUITests.swift */; };
/* End PBXBuildFile section */

/* Begin PBXContainerItemProxy section */
		045D6F3D1C42127400D5B3F7 /* PBXContainerItemProxy */ = {
			isa = PBXContainerItemProxy;
			containerPortal = 045D6F201C42127400D5B3F7 /* Project object */;
			proxyType = 1;
			remoteGlobalIDString = 045D6F271C42127400D5B3F7;
			remoteInfo = TTReflect;
		};
		045D6F481C42127400D5B3F7 /* PBXContainerItemProxy */ = {
			isa = PBXContainerItemProxy;
			containerPortal = 045D6F201C42127400D5B3F7 /* Project object */;
			proxyType = 1;
			remoteGlobalIDString = 045D6F271C42127400D5B3F7;
			remoteInfo = TTReflect;
		};
/* End PBXContainerItemProxy section */

/* Begin PBXFileReference section */
		045D6F281C42127400D5B3F7 /* TTReflect.app */ = {isa = PBXFileReference; explicitFileType = wrapper.application; includeInIndex = 0; path = TTReflect.app; sourceTree = BUILT_PRODUCTS_DIR; };
		045D6F2B1C42127400D5B3F7 /* AppDelegate.swift */ = {isa = PBXFileReference; lastKnownFileType = sourcecode.swift; path = AppDelegate.swift; sourceTree = "<group>"; };
		045D6F2D1C42127400D5B3F7 /* ViewController.swift */ = {isa = PBXFileReference; lastKnownFileType = sourcecode.swift; path = ViewController.swift; sourceTree = "<group>"; };
		045D6F301C42127400D5B3F7 /* Base */ = {isa = PBXFileReference; lastKnownFileType = file.storyboard; name = Base; path = Base.lproj/Main.storyboard; sourceTree = "<group>"; };
		045D6F321C42127400D5B3F7 /* Assets.xcassets */ = {isa = PBXFileReference; lastKnownFileType = folder.assetcatalog; path = Assets.xcassets; sourceTree = "<group>"; };
		045D6F351C42127400D5B3F7 /* Base */ = {isa = PBXFileReference; lastKnownFileType = file.storyboard; name = Base; path = Base.lproj/LaunchScreen.storyboard; sourceTree = "<group>"; };
		045D6F371C42127400D5B3F7 /* Info.plist */ = {isa = PBXFileReference; lastKnownFileType = text.plist.xml; path = Info.plist; sourceTree = "<group>"; };
		045D6F3C1C42127400D5B3F7 /* TTReflectTests.xctest */ = {isa = PBXFileReference; explicitFileType = wrapper.cfbundle; includeInIndex = 0; path = TTReflectTests.xctest; sourceTree = BUILT_PRODUCTS_DIR; };
		045D6F401C42127400D5B3F7 /* TTReflectTests.swift */ = {isa = PBXFileReference; lastKnownFileType = sourcecode.swift; path = TTReflectTests.swift; sourceTree = "<group>"; };
		045D6F421C42127400D5B3F7 /* Info.plist */ = {isa = PBXFileReference; lastKnownFileType = text.plist.xml; path = Info.plist; sourceTree = "<group>"; };
		045D6F471C42127400D5B3F7 /* TTReflectUITests.xctest */ = {isa = PBXFileReference; explicitFileType = wrapper.cfbundle; includeInIndex = 0; path = TTReflectUITests.xctest; sourceTree = BUILT_PRODUCTS_DIR; };
		045D6F4B1C42127400D5B3F7 /* TTReflectUITests.swift */ = {isa = PBXFileReference; lastKnownFileType = sourcecode.swift; path = TTReflectUITests.swift; sourceTree = "<group>"; };
		045D6F4D1C42127400D5B3F7 /* Info.plist */ = {isa = PBXFileReference; lastKnownFileType = text.plist.xml; path = Info.plist; sourceTree = "<group>"; };
/* End PBXFileReference section */

/* Begin PBXFrameworksBuildPhase section */
		045D6F251C42127400D5B3F7 /* Frameworks */ = {
			isa = PBXFrameworksBuildPhase;
			buildActionMask = 2147483647;
			files = (
			);
			runOnlyForDeploymentPostprocessing = 0;
		};
		045D6F391C42127400D5B3F7 /* Frameworks */ = {
			isa = PBXFrameworksBuildPhase;
			buildActionMask = 2147483647;
			files = (
			);
			runOnlyForDeploymentPostprocessing = 0;
		};
		045D6F441C42127400D5B3F7 /* Frameworks */ = {
			isa = PBXFrameworksBuildPhase;
			buildActionMask = 2147483647;
			files = (
			);
			runOnlyForDeploymentPostprocessing = 0;
		};
/* End PBXFrameworksBuildPhase section */

/* Begin PBXGroup section */
		045D6F1F1C42127400D5B3F7 = {
			isa = PBXGroup;
			children = (
				045D6F2A1C42127400D5B3F7 /* TTReflect */,
				045D6F3F1C42127400D5B3F7 /* TTReflectTests */,
				045D6F4A1C42127400D5B3F7 /* TTReflectUITests */,
				045D6F291C42127400D5B3F7 /* Products */,
			);
			sourceTree = "<group>";
		};
		045D6F291C42127400D5B3F7 /* Products */ = {
			isa = PBXGroup;
			children = (
				045D6F281C42127400D5B3F7 /* TTReflect.app */,
				045D6F3C1C42127400D5B3F7 /* TTReflectTests.xctest */,
				045D6F471C42127400D5B3F7 /* TTReflectUITests.xctest */,
			);
			name = Products;
			sourceTree = "<group>";
		};
		045D6F2A1C42127400D5B3F7 /* TTReflect */ = {
			isa = PBXGroup;
			children = (
				045D6F2B1C42127400D5B3F7 /* AppDelegate.swift */,
				045D6F2D1C42127400D5B3F7 /* ViewController.swift */,
				045D6F2F1C42127400D5B3F7 /* Main.storyboard */,
				045D6F321C42127400D5B3F7 /* Assets.xcassets */,
				045D6F341C42127400D5B3F7 /* LaunchScreen.storyboard */,
				045D6F371C42127400D5B3F7 /* Info.plist */,
			);
			path = TTReflect;
			sourceTree = "<group>";
		};
		045D6F3F1C42127400D5B3F7 /* TTReflectTests */ = {
			isa = PBXGroup;
			children = (
				045D6F401C42127400D5B3F7 /* TTReflectTests.swift */,
				045D6F421C42127400D5B3F7 /* Info.plist */,
			);
			path = TTReflectTests;
			sourceTree = "<group>";
		};
		045D6F4A1C42127400D5B3F7 /* TTReflectUITests */ = {
			isa = PBXGroup;
			children = (
				045D6F4B1C42127400D5B3F7 /* TTReflectUITests.swift */,
				045D6F4D1C42127400D5B3F7 /* Info.plist */,
			);
			path = TTReflectUITests;
			sourceTree = "<group>";
		};
/* End PBXGroup section */

/* Begin PBXNativeTarget section */
		045D6F271C42127400D5B3F7 /* TTReflect */ = {
			isa = PBXNativeTarget;
			buildConfigurationList = 045D6F501C42127400D5B3F7 /* Build configuration list for PBXNativeTarget "TTReflect" */;
			buildPhases = (
				045D6F241C42127400D5B3F7 /* Sources */,
				045D6F251C42127400D5B3F7 /* Frameworks */,
				045D6F261C42127400D5B3F7 /* Resources */,
			);
			buildRules = (
			);
			dependencies = (
			);
			name = TTReflect;
			productName = TTReflect;
			productReference = 045D6F281C42127400D5B3F7 /* TTReflect.app */;
			productType = "com.apple.product-type.application";
		};
		045D6F3B1C42127400D5B3F7 /* TTReflectTests */ = {
			isa = PBXNativeTarget;
			buildConfigurationList = 045D6F531C42127400D5B3F7 /* Build configuration list for PBXNativeTarget "TTReflectTests" */;
			buildPhases = (
				045D6F381C42127400D5B3F7 /* Sources */,
				045D6F391C42127400D5B3F7 /* Frameworks */,
				045D6F3A1C42127400D5B3F7 /* Resources */,
			);
			buildRules = (
			);
			dependencies = (
				045D6F3E1C42127400D5B3F7 /* PBXTargetDependency */,
			);
			name = TTReflectTests;
			productName = TTReflectTests;
			productReference = 045D6F3C1C42127400D5B3F7 /* TTReflectTests.xctest */;
			productType = "com.apple.product-type.bundle.unit-test";
		};
		045D6F461C42127400D5B3F7 /* TTReflectUITests */ = {
			isa = PBXNativeTarget;
			buildConfigurationList = 045D6F561C42127400D5B3F7 /* Build configuration list for PBXNativeTarget "TTReflectUITests" */;
			buildPhases = (
				045D6F431C42127400D5B3F7 /* Sources */,
				045D6F441C42127400D5B3F7 /* Frameworks */,
				045D6F451C42127400D5B3F7 /* Resources */,
			);
			buildRules = (
			);
			dependencies = (
				045D6F491C42127400D5B3F7 /* PBXTargetDependency */,
			);
			name = TTReflectUITests;
			productName = TTReflectUITests;
			productReference = 045D6F471C42127400D5B3F7 /* TTReflectUITests.xctest */;
			productType = "com.apple.product-type.bundle.ui-testing";
		};
/* End PBXNativeTarget section */

/* Begin PBXProject section */
		045D6F201C42127400D5B3F7 /* Project object */ = {
			isa = PBXProject;
			attributes = {
				LastSwiftUpdateCheck = 0720;
				LastUpgradeCheck = 0720;
				ORGANIZATIONNAME = tifatsubasa;
				TargetAttributes = {
					045D6F271C42127400D5B3F7 = {
						CreatedOnToolsVersion = 7.2;
					};
					045D6F3B1C42127400D5B3F7 = {
						CreatedOnToolsVersion = 7.2;
						TestTargetID = 045D6F271C42127400D5B3F7;
					};
					045D6F461C42127400D5B3F7 = {
						CreatedOnToolsVersion = 7.2;
						TestTargetID = 045D6F271C42127400D5B3F7;
					};
				};
			};
			buildConfigurationList = 045D6F231C42127400D5B3F7 /* Build configuration list for PBXProject "TTReflect" */;
			compatibilityVersion = "Xcode 3.2";
			developmentRegion = English;
			hasScannedForEncodings = 0;
			knownRegions = (
				en,
				Base,
			);
			mainGroup = 045D6F1F1C42127400D5B3F7;
			productRefGroup = 045D6F291C42127400D5B3F7 /* Products */;
			projectDirPath = "";
			projectRoot = "";
			targets = (
				045D6F271C42127400D5B3F7 /* TTReflect */,
				045D6F3B1C42127400D5B3F7 /* TTReflectTests */,
				045D6F461C42127400D5B3F7 /* TTReflectUITests */,
			);
		};
/* End PBXProject section */

/* Begin PBXResourcesBuildPhase section */
		045D6F261C42127400D5B3F7 /* Resources */ = {
			isa = PBXResourcesBuildPhase;
			buildActionMask = 2147483647;
			files = (
				045D6F361C42127400D5B3F7 /* LaunchScreen.storyboard in Resources */,
				045D6F331C42127400D5B3F7 /* Assets.xcassets in Resources */,
				045D6F311C42127400D5B3F7 /* Main.storyboard in Resources */,
			);
			runOnlyForDeploymentPostprocessing = 0;
		};
		045D6F3A1C42127400D5B3F7 /* Resources */ = {
			isa = PBXResourcesBuildPhase;
			buildActionMask = 2147483647;
			files = (
			);
			runOnlyForDeploymentPostprocessing = 0;
		};
		045D6F451C42127400D5B3F7 /* Resources */ = {
			isa = PBXResourcesBuildPhase;
			buildActionMask = 2147483647;
			files = (
			);
			runOnlyForDeploymentPostprocessing = 0;
		};
/* End PBXResourcesBuildPhase section */

/* Begin PBXSourcesBuildPhase section */
		045D6F241C42127400D5B3F7 /* Sources */ = {
			isa = PBXSourcesBuildPhase;
			buildActionMask = 2147483647;
			files = (
				045D6F2E1C42127400D5B3F7 /* ViewController.swift in Sources */,
				045D6F2C1C42127400D5B3F7 /* AppDelegate.swift in Sources */,
			);
			runOnlyForDeploymentPostprocessing = 0;
		};
		045D6F381C42127400D5B3F7 /* Sources */ = {
			isa = PBXSourcesBuildPhase;
			buildActionMask = 2147483647;
			files = (
				045D6F411C42127400D5B3F7 /* TTReflectTests.swift in Sources */,
			);
			runOnlyForDeploymentPostprocessing = 0;
		};
		045D6F431C42127400D5B3F7 /* Sources */ = {
			isa = PBXSourcesBuildPhase;
			buildActionMask = 2147483647;
			files = (
				045D6F4C1C42127400D5B3F7 /* TTReflectUITests.swift in Sources */,
			);
			runOnlyForDeploymentPostprocessing = 0;
		};
/* End PBXSourcesBuildPhase section */

/* Begin PBXTargetDependency section */
		045D6F3E1C42127400D5B3F7 /* PBXTargetDependency */ = {
			isa = PBXTargetDependency;
			target = 045D6F271C42127400D5B3F7 /* TTReflect */;
			targetProxy = 045D6F3D1C42127400D5B3F7 /* PBXContainerItemProxy */;
		};
		045D6F491C42127400D5B3F7 /* PBXTargetDependency */ = {
			isa = PBXTargetDependency;
			target = 045D6F271C42127400D5B3F7 /* TTReflect */;
			targetProxy = 045D6F481C42127400D5B3F7 /* PBXContainerItemProxy */;
		};
/* End PBXTargetDependency section */

/* Begin PBXVariantGroup section */
		045D6F2F1C42127400D5B3F7 /* Main.storyboard */ = {
			isa = PBXVariantGroup;
			children = (
				045D6F301C42127400D5B3F7 /* Base */,
			);
			name = Main.storyboard;
			sourceTree = "<group>";
		};
		045D6F341C42127400D5B3F7 /* LaunchScreen.storyboard */ = {
			isa = PBXVariantGroup;
			children = (
				045D6F351C42127400D5B3F7 /* Base */,
			);
			name = LaunchScreen.storyboard;
			sourceTree = "<group>";
		};
/* End PBXVariantGroup section */

/* Begin XCBuildConfiguration section */
		045D6F4E1C42127400D5B3F7 /* Debug */ = {
			isa = XCBuildConfiguration;
			buildSettings = {
				ALWAYS_SEARCH_USER_PATHS = NO;
				CLANG_CXX_LANGUAGE_STANDARD = "gnu++0x";
				CLANG_CXX_LIBRARY = "libc++";
				CLANG_ENABLE_MODULES = YES;
				CLANG_ENABLE_OBJC_ARC = YES;
				CLANG_WARN_BOOL_CONVERSION = YES;
				CLANG_WARN_CONSTANT_CONVERSION = YES;
				CLANG_WARN_DIRECT_OBJC_ISA_USAGE = YES_ERROR;
				CLANG_WARN_EMPTY_BODY = YES;
				CLANG_WARN_ENUM_CONVERSION = YES;
				CLANG_WARN_INT_CONVERSION = YES;
				CLANG_WARN_OBJC_ROOT_CLASS = YES_ERROR;
				CLANG_WARN_UNREACHABLE_CODE = YES;
				CLANG_WARN__DUPLICATE_METHOD_MATCH = YES;
				"CODE_SIGN_IDENTITY[sdk=iphoneos*]" = "iPhone Developer";
				COPY_PHASE_STRIP = NO;
				DEBUG_INFORMATION_FORMAT = dwarf;
				ENABLE_STRICT_OBJC_MSGSEND = YES;
				ENABLE_TESTABILITY = YES;
				GCC_C_LANGUAGE_STANDARD = gnu99;
				GCC_DYNAMIC_NO_PIC = NO;
				GCC_NO_COMMON_BLOCKS = YES;
				GCC_OPTIMIZATION_LEVEL = 0;
				GCC_PREPROCESSOR_DEFINITIONS = (
					"DEBUG=1",
					"$(inherited)",
				);
				GCC_WARN_64_TO_32_BIT_CONVERSION = YES;
				GCC_WARN_ABOUT_RETURN_TYPE = YES_ERROR;
				GCC_WARN_UNDECLARED_SELECTOR = YES;
				GCC_WARN_UNINITIALIZED_AUTOS = YES_AGGRESSIVE;
				GCC_WARN_UNUSED_FUNCTION = YES;
				GCC_WARN_UNUSED_VARIABLE = YES;
				IPHONEOS_DEPLOYMENT_TARGET = 9.2;
				MTL_ENABLE_DEBUG_INFO = YES;
				ONLY_ACTIVE_ARCH = YES;
				SDKROOT = iphoneos;
				SWIFT_OPTIMIZATION_LEVEL = "-Onone";
			};
			name = Debug;
		};
		045D6F4F1C42127400D5B3F7 /* Release */ = {
			isa = XCBuildConfiguration;
			buildSettings = {
				ALWAYS_SEARCH_USER_PATHS = NO;
				CLANG_CXX_LANGUAGE_STANDARD = "gnu++0x";
				CLANG_CXX_LIBRARY = "libc++";
				CLANG_ENABLE_MODULES = YES;
				CLANG_ENABLE_OBJC_ARC = YES;
				CLANG_WARN_BOOL_CONVERSION = YES;
				CLANG_WARN_CONSTANT_CONVERSION = YES;
				CLANG_WARN_DIRECT_OBJC_ISA_USAGE = YES_ERROR;
				CLANG_WARN_EMPTY_BODY = YES;
				CLANG_WARN_ENUM_CONVERSION = YES;
				CLANG_WARN_INT_CONVERSION = YES;
				CLANG_WARN_OBJC_ROOT_CLASS = YES_ERROR;
				CLANG_WARN_UNREACHABLE_CODE = YES;
				CLANG_WARN__DUPLICATE_METHOD_MATCH = YES;
				"CODE_SIGN_IDENTITY[sdk=iphoneos*]" = "iPhone Developer";
				COPY_PHASE_STRIP = NO;
				DEBUG_INFORMATION_FORMAT = "dwarf-with-dsym";
				ENABLE_NS_ASSERTIONS = NO;
				ENABLE_STRICT_OBJC_MSGSEND = YES;
				GCC_C_LANGUAGE_STANDARD = gnu99;
				GCC_NO_COMMON_BLOCKS = YES;
				GCC_WARN_64_TO_32_BIT_CONVERSION = YES;
				GCC_WARN_ABOUT_RETURN_TYPE = YES_ERROR;
				GCC_WARN_UNDECLARED_SELECTOR = YES;
				GCC_WARN_UNINITIALIZED_AUTOS = YES_AGGRESSIVE;
				GCC_WARN_UNUSED_FUNCTION = YES;
				GCC_WARN_UNUSED_VARIABLE = YES;
				IPHONEOS_DEPLOYMENT_TARGET = 9.2;
				MTL_ENABLE_DEBUG_INFO = NO;
				SDKROOT = iphoneos;
				VALIDATE_PRODUCT = YES;
			};
			name = Release;
		};
		045D6F511C42127400D5B3F7 /* Debug */ = {
			isa = XCBuildConfiguration;
			buildSettings = {
				ASSETCATALOG_COMPILER_APPICON_NAME = AppIcon;
				INFOPLIST_FILE = TTReflect/Info.plist;
				LD_RUNPATH_SEARCH_PATHS = "$(inherited) @executable_path/Frameworks";
				PRODUCT_BUNDLE_IDENTIFIER = com.tsusolo.TTReflect;
				PRODUCT_NAME = "$(TARGET_NAME)";
			};
			name = Debug;
		};
		045D6F521C42127400D5B3F7 /* Release */ = {
			isa = XCBuildConfiguration;
			buildSettings = {
				ASSETCATALOG_COMPILER_APPICON_NAME = AppIcon;
				INFOPLIST_FILE = TTReflect/Info.plist;
				LD_RUNPATH_SEARCH_PATHS = "$(inherited) @executable_path/Frameworks";
				PRODUCT_BUNDLE_IDENTIFIER = com.tsusolo.TTReflect;
				PRODUCT_NAME = "$(TARGET_NAME)";
			};
			name = Release;
		};
		045D6F541C42127400D5B3F7 /* Debug */ = {
			isa = XCBuildConfiguration;
			buildSettings = {
				BUNDLE_LOADER = "$(TEST_HOST)";
				INFOPLIST_FILE = TTReflectTests/Info.plist;
				LD_RUNPATH_SEARCH_PATHS = "$(inherited) @executable_path/Frameworks @loader_path/Frameworks";
				PRODUCT_BUNDLE_IDENTIFIER = com.tsusolo.TTReflectTests;
				PRODUCT_NAME = "$(TARGET_NAME)";
				TEST_HOST = "$(BUILT_PRODUCTS_DIR)/TTReflect.app/TTReflect";
			};
			name = Debug;
		};
		045D6F551C42127400D5B3F7 /* Release */ = {
			isa = XCBuildConfiguration;
			buildSettings = {
				BUNDLE_LOADER = "$(TEST_HOST)";
				INFOPLIST_FILE = TTReflectTests/Info.plist;
				LD_RUNPATH_SEARCH_PATHS = "$(inherited) @executable_path/Frameworks @loader_path/Frameworks";
				PRODUCT_BUNDLE_IDENTIFIER = com.tsusolo.TTReflectTests;
				PRODUCT_NAME = "$(TARGET_NAME)";
				TEST_HOST = "$(BUILT_PRODUCTS_DIR)/TTReflect.app/TTReflect";
			};
			name = Release;
		};
		045D6F571C42127400D5B3F7 /* Debug */ = {
			isa = XCBuildConfiguration;
			buildSettings = {
				INFOPLIST_FILE = TTReflectUITests/Info.plist;
				LD_RUNPATH_SEARCH_PATHS = "$(inherited) @executable_path/Frameworks @loader_path/Frameworks";
				PRODUCT_BUNDLE_IDENTIFIER = com.tsusolo.TTReflectUITests;
				PRODUCT_NAME = "$(TARGET_NAME)";
				TEST_TARGET_NAME = TTReflect;
				USES_XCTRUNNER = YES;
			};
			name = Debug;
		};
		045D6F581C42127400D5B3F7 /* Release */ = {
			isa = XCBuildConfiguration;
			buildSettings = {
				INFOPLIST_FILE = TTReflectUITests/Info.plist;
				LD_RUNPATH_SEARCH_PATHS = "$(inherited) @executable_path/Frameworks @loader_path/Frameworks";
				PRODUCT_BUNDLE_IDENTIFIER = com.tsusolo.TTReflectUITests;
				PRODUCT_NAME = "$(TARGET_NAME)";
				TEST_TARGET_NAME = TTReflect;
				USES_XCTRUNNER = YES;
			};
			name = Release;
		};
/* End XCBuildConfiguration section */

/* Begin XCConfigurationList section */
		045D6F231C42127400D5B3F7 /* Build configuration list for PBXProject "TTReflect" */ = {
			isa = XCConfigurationList;
			buildConfigurations = (
				045D6F4E1C42127400D5B3F7 /* Debug */,
				045D6F4F1C42127400D5B3F7 /* Release */,
			);
			defaultConfigurationIsVisible = 0;
			defaultConfigurationName = Release;
		};
		045D6F501C42127400D5B3F7 /* Build configuration list for PBXNativeTarget "TTReflect" */ = {
			isa = XCConfigurationList;
			buildConfigurations = (
				045D6F511C42127400D5B3F7 /* Debug */,
				045D6F521C42127400D5B3F7 /* Release */,
			);
			defaultConfigurationIsVisible = 0;
		};
		045D6F531C42127400D5B3F7 /* Build configuration list for PBXNativeTarget "TTReflectTests" */ = {
			isa = XCConfigurationList;
			buildConfigurations = (
				045D6F541C42127400D5B3F7 /* Debug */,
				045D6F551C42127400D5B3F7 /* Release */,
			);
			defaultConfigurationIsVisible = 0;
		};
		045D6F561C42127400D5B3F7 /* Build configuration list for PBXNativeTarget "TTReflectUITests" */ = {
			isa = XCConfigurationList;
			buildConfigurations = (
				045D6F571C42127400D5B3F7 /* Debug */,
				045D6F581C42127400D5B3F7 /* Release */,
			);
			defaultConfigurationIsVisible = 0;
		};
/* End XCConfigurationList section */
	};
	rootObject = 045D6F201C42127400D5B3F7 /* Project object */;
}
